// !$*UTF8*$!
{
	archiveVersion = 1;
	classes = {
	};
	objectVersion = 50;
	objects = {

/* Begin PBXBuildFile section */
		49A55C0C23169AC0005668F5 /* AppDelegate.swift in Sources */ = {isa = PBXBuildFile; fileRef = 49A55C0B23169AC0005668F5 /* AppDelegate.swift */; };
		49A55C0E23169AC0005668F5 /* MainVC.swift in Sources */ = {isa = PBXBuildFile; fileRef = 49A55C0D23169AC0005668F5 /* MainVC.swift */; };
		49A55C1123169AC0005668F5 /* Main.storyboard in Resources */ = {isa = PBXBuildFile; fileRef = 49A55C0F23169AC0005668F5 /* Main.storyboard */; };
		49A55C1323169AC1005668F5 /* Assets.xcassets in Resources */ = {isa = PBXBuildFile; fileRef = 49A55C1223169AC1005668F5 /* Assets.xcassets */; };
		49A55C1623169AC1005668F5 /* LaunchScreen.storyboard in Resources */ = {isa = PBXBuildFile; fileRef = 49A55C1423169AC1005668F5 /* LaunchScreen.storyboard */; };
		49A55C3D23169B9C005668F5 /* BarcPlayers.plist in Resources */ = {isa = PBXBuildFile; fileRef = 49A55C3B23169B78005668F5 /* BarcPlayers.plist */; };
		49A55C4223169C37005668F5 /* PartyMemberVC.swift in Sources */ = {isa = PBXBuildFile; fileRef = 49A55C4123169C37005668F5 /* PartyMemberVC.swift */; };
		49A55C4423169C4E005668F5 /* PlayerVC.swift in Sources */ = {isa = PBXBuildFile; fileRef = 49A55C4323169C4E005668F5 /* PlayerVC.swift */; };
		49A55C4623169CCE005668F5 /* BorderedButton.swift in Sources */ = {isa = PBXBuildFile; fileRef = 49A55C4523169CCE005668F5 /* BorderedButton.swift */; };
		49A55C4823169CDF005668F5 /* Player.swift in Sources */ = {isa = PBXBuildFile; fileRef = 49A55C4723169CDF005668F5 /* Player.swift */; };
		49A55C4A2316C6B1005668F5 /* WhitereadButton.swift in Sources */ = {isa = PBXBuildFile; fileRef = 49A55C492316C6B1005668F5 /* WhitereadButton.swift */; };
/* End PBXBuildFile section */

/* Begin PBXFileReference section */
		49A55C0823169AC0005668F5 /* IWantToJoinBarcelona.app */ = {isa = PBXFileReference; explicitFileType = wrapper.application; includeInIndex = 0; path = IWantToJoinBarcelona.app; sourceTree = BUILT_PRODUCTS_DIR; };
		49A55C0B23169AC0005668F5 /* AppDelegate.swift */ = {isa = PBXFileReference; lastKnownFileType = sourcecode.swift; path = AppDelegate.swift; sourceTree = "<group>"; };
		49A55C0D23169AC0005668F5 /* MainVC.swift */ = {isa = PBXFileReference; lastKnownFileType = sourcecode.swift; path = MainVC.swift; sourceTree = "<group>"; };
		49A55C1023169AC0005668F5 /* Base */ = {isa = PBXFileReference; lastKnownFileType = file.storyboard; name = Base; path = Base.lproj/Main.storyboard; sourceTree = "<group>"; };
		49A55C1223169AC1005668F5 /* Assets.xcassets */ = {isa = PBXFileReference; lastKnownFileType = folder.assetcatalog; path = Assets.xcassets; sourceTree = "<group>"; };
		49A55C1523169AC1005668F5 /* Base */ = {isa = PBXFileReference; lastKnownFileType = file.storyboard; name = Base; path = Base.lproj/LaunchScreen.storyboard; sourceTree = "<group>"; };
		49A55C1723169AC1005668F5 /* Info.plist */ = {isa = PBXFileReference; lastKnownFileType = text.plist.xml; path = Info.plist; sourceTree = "<group>"; };
		49A55C2023169AC1005668F5 /* IWantToJoinBarcelonaTests.swift */ = {isa = PBXFileReference; lastKnownFileType = sourcecode.swift; path = IWantToJoinBarcelonaTests.swift; sourceTree = "<group>"; };
		49A55C2223169AC1005668F5 /* Info.plist */ = {isa = PBXFileReference; lastKnownFileType = text.plist.xml; path = Info.plist; sourceTree = "<group>"; };
		49A55C2B23169AC1005668F5 /* IWantToJoinBarcelonaUITests.swift */ = {isa = PBXFileReference; lastKnownFileType = sourcecode.swift; path = IWantToJoinBarcelonaUITests.swift; sourceTree = "<group>"; };
		49A55C2D23169AC1005668F5 /* Info.plist */ = {isa = PBXFileReference; lastKnownFileType = text.plist.xml; path = Info.plist; sourceTree = "<group>"; };
		49A55C3B23169B78005668F5 /* BarcPlayers.plist */ = {isa = PBXFileReference; fileEncoding = 4; lastKnownFileType = text.plist.xml; path = BarcPlayers.plist; sourceTree = "<group>"; };
		49A55C4123169C37005668F5 /* PartyMemberVC.swift */ = {isa = PBXFileReference; lastKnownFileType = sourcecode.swift; path = PartyMemberVC.swift; sourceTree = "<group>"; };
		49A55C4323169C4E005668F5 /* PlayerVC.swift */ = {isa = PBXFileReference; lastKnownFileType = sourcecode.swift; path = PlayerVC.swift; sourceTree = "<group>"; };
		49A55C4523169CCE005668F5 /* BorderedButton.swift */ = {isa = PBXFileReference; lastKnownFileType = sourcecode.swift; path = BorderedButton.swift; sourceTree = "<group>"; };
		49A55C4723169CDF005668F5 /* Player.swift */ = {isa = PBXFileReference; lastKnownFileType = sourcecode.swift; path = Player.swift; sourceTree = "<group>"; };
		49A55C492316C6B1005668F5 /* WhitereadButton.swift */ = {isa = PBXFileReference; lastKnownFileType = sourcecode.swift; path = WhitereadButton.swift; sourceTree = "<group>"; };
/* End PBXFileReference section */

/* Begin PBXFrameworksBuildPhase section */
		49A55C0523169AC0005668F5 /* Frameworks */ = {
			isa = PBXFrameworksBuildPhase;
			buildActionMask = 2147483647;
			files = (
			);
			runOnlyForDeploymentPostprocessing = 0;
		};
/* End PBXFrameworksBuildPhase section */

/* Begin PBXGroup section */
		49A55BFF23169AC0005668F5 = {
			isa = PBXGroup;
			children = (
				49A55C0A23169AC0005668F5 /* IWantToJoinBarcelona */,
				49A55C1F23169AC1005668F5 /* IWantToJoinBarcelonaTests */,
				49A55C2A23169AC1005668F5 /* IWantToJoinBarcelonaUITests */,
				49A55C0923169AC0005668F5 /* Products */,
			);
			sourceTree = "<group>";
		};
		49A55C0923169AC0005668F5 /* Products */ = {
			isa = PBXGroup;
			children = (
				49A55C0823169AC0005668F5 /* IWantToJoinBarcelona.app */,
			);
			name = Products;
			sourceTree = "<group>";
		};
		49A55C0A23169AC0005668F5 /* IWantToJoinBarcelona */ = {
			isa = PBXGroup;
			children = (
				49A55C4023169BDB005668F5 /* Controller */,
				49A55C3F23169BBC005668F5 /* View */,
				49A55C3E23169BB2005668F5 /* Model */,
				49A55C3B23169B78005668F5 /* BarcPlayers.plist */,
				49A55C0B23169AC0005668F5 /* AppDelegate.swift */,
				49A55C0F23169AC0005668F5 /* Main.storyboard */,
				49A55C1223169AC1005668F5 /* Assets.xcassets */,
				49A55C1423169AC1005668F5 /* LaunchScreen.storyboard */,
				49A55C1723169AC1005668F5 /* Info.plist */,
			);
			path = IWantToJoinBarcelona;
			sourceTree = "<group>";
		};
		49A55C1F23169AC1005668F5 /* IWantToJoinBarcelonaTests */ = {
			isa = PBXGroup;
			children = (
				49A55C2023169AC1005668F5 /* IWantToJoinBarcelonaTests.swift */,
				49A55C2223169AC1005668F5 /* Info.plist */,
			);
			path = IWantToJoinBarcelonaTests;
			sourceTree = "<group>";
		};
		49A55C2A23169AC1005668F5 /* IWantToJoinBarcelonaUITests */ = {
			isa = PBXGroup;
			children = (
				49A55C2B23169AC1005668F5 /* IWantToJoinBarcelonaUITests.swift */,
				49A55C2D23169AC1005668F5 /* Info.plist */,
			);
			path = IWantToJoinBarcelonaUITests;
			sourceTree = "<group>";
		};
		49A55C3E23169BB2005668F5 /* Model */ = {
			isa = PBXGroup;
			children = (
				49A55C4723169CDF005668F5 /* Player.swift */,
			);
			path = Model;
			sourceTree = "<group>";
		};
		49A55C3F23169BBC005668F5 /* View */ = {
			isa = PBXGroup;
			children = (
				49A55C4523169CCE005668F5 /* BorderedButton.swift */,
				49A55C492316C6B1005668F5 /* WhitereadButton.swift */,
			);
			path = View;
			sourceTree = "<group>";
		};
		49A55C4023169BDB005668F5 /* Controller */ = {
			isa = PBXGroup;
			children = (
				49A55C0D23169AC0005668F5 /* MainVC.swift */,
				49A55C4123169C37005668F5 /* PartyMemberVC.swift */,
				49A55C4323169C4E005668F5 /* PlayerVC.swift */,
			);
			path = Controller;
			sourceTree = "<group>";
		};
/* End PBXGroup section */

/* Begin PBXNativeTarget section */
		49A55C0723169AC0005668F5 /* IWantToJoinBarcelona */ = {
			isa = PBXNativeTarget;
			buildConfigurationList = 49A55C3023169AC1005668F5 /* Build configuration list for PBXNativeTarget "IWantToJoinBarcelona" */;
			buildPhases = (
				49A55C0423169AC0005668F5 /* Sources */,
				49A55C0523169AC0005668F5 /* Frameworks */,
				49A55C0623169AC0005668F5 /* Resources */,
			);
			buildRules = (
			);
			dependencies = (
			);
			name = IWantToJoinBarcelona;
			productName = IWantToJoinBarcelona;
			productReference = 49A55C0823169AC0005668F5 /* IWantToJoinBarcelona.app */;
			productType = "com.apple.product-type.application";
		};
/* End PBXNativeTarget section */

/* Begin PBXProject section */
		49A55C0023169AC0005668F5 /* Project object */ = {
			isa = PBXProject;
			attributes = {
				LastSwiftUpdateCheck = 1010;
				LastUpgradeCheck = 1010;
				ORGANIZATIONNAME = "Dmytro Chernenkov";
				TargetAttributes = {
					49A55C0723169AC0005668F5 = {
						CreatedOnToolsVersion = 10.1;
					};
				};
			};
			buildConfigurationList = 49A55C0323169AC0005668F5 /* Build configuration list for PBXProject "IWantToJoinBarcelona" */;
			compatibilityVersion = "Xcode 9.3";
			developmentRegion = en;
			hasScannedForEncodings = 0;
			knownRegions = (
				en,
				Base,
			);
			mainGroup = 49A55BFF23169AC0005668F5;
			productRefGroup = 49A55C0923169AC0005668F5 /* Products */;
			projectDirPath = "";
			projectRoot = "";
			targets = (
				49A55C0723169AC0005668F5 /* IWantToJoinBarcelona */,
			);
		};
/* End PBXProject section */

/* Begin PBXResourcesBuildPhase section */
		49A55C0623169AC0005668F5 /* Resources */ = {
			isa = PBXResourcesBuildPhase;
			buildActionMask = 2147483647;
			files = (
				49A55C1623169AC1005668F5 /* LaunchScreen.storyboard in Resources */,
				49A55C1323169AC1005668F5 /* Assets.xcassets in Resources */,
				49A55C1123169AC0005668F5 /* Main.storyboard in Resources */,
				49A55C3D23169B9C005668F5 /* BarcPlayers.plist in Resources */,
			);
			runOnlyForDeploymentPostprocessing = 0;
		};
/* End PBXResourcesBuildPhase section */

/* Begin PBXSourcesBuildPhase section */
		49A55C0423169AC0005668F5 /* Sources */ = {
			isa = PBXSourcesBuildPhase;
			buildActionMask = 2147483647;
			files = (
				49A55C4A2316C6B1005668F5 /* WhitereadButton.swift in Sources */,
				49A55C4623169CCE005668F5 /* BorderedButton.swift in Sources */,
				49A55C0E23169AC0005668F5 /* MainVC.swift in Sources */,
				49A55C4223169C37005668F5 /* PartyMemberVC.swift in Sources */,
				49A55C0C23169AC0005668F5 /* AppDelegate.swift in Sources */,
				49A55C4823169CDF005668F5 /* Player.swift in Sources */,
				49A55C4423169C4E005668F5 /* PlayerVC.swift in Sources */,
			);
			runOnlyForDeploymentPostprocessing = 0;
		};
/* End PBXSourcesBuildPhase section */

/* Begin PBXVariantGroup section */
		49A55C0F23169AC0005668F5 /* Main.storyboard */ = {
			isa = PBXVariantGroup;
			children = (
				49A55C1023169AC0005668F5 /* Base */,
			);
			name = Main.storyboard;
			sourceTree = "<group>";
		};
		49A55C1423169AC1005668F5 /* LaunchScreen.storyboard */ = {
			isa = PBXVariantGroup;
			children = (
				49A55C1523169AC1005668F5 /* Base */,
			);
			name = LaunchScreen.storyboard;
			sourceTree = "<group>";
		};
/* End PBXVariantGroup section */

/* Begin XCBuildConfiguration section */
		49A55C2E23169AC1005668F5 /* Debug */ = {
			isa = XCBuildConfiguration;
			buildSettings = {
				ALWAYS_SEARCH_USER_PATHS = NO;
				CLANG_ANALYZER_NONNULL = YES;
				CLANG_ANALYZER_NUMBER_OBJECT_CONVERSION = YES_AGGRESSIVE;
				CLANG_CXX_LANGUAGE_STANDARD = "gnu++14";
				CLANG_CXX_LIBRARY = "libc++";
				CLANG_ENABLE_MODULES = YES;
				CLANG_ENABLE_OBJC_ARC = YES;
				CLANG_ENABLE_OBJC_WEAK = YES;
				CLANG_WARN_BLOCK_CAPTURE_AUTORELEASING = YES;
				CLANG_WARN_BOOL_CONVERSION = YES;
				CLANG_WARN_COMMA = YES;
				CLANG_WARN_CONSTANT_CONVERSION = YES;
				CLANG_WARN_DEPRECATED_OBJC_IMPLEMENTATIONS = YES;
				CLANG_WARN_DIRECT_OBJC_ISA_USAGE = YES_ERROR;
				CLANG_WARN_DOCUMENTATION_COMMENTS = YES;
				CLANG_WARN_EMPTY_BODY = YES;
				CLANG_WARN_ENUM_CONVERSION = YES;
				CLANG_WARN_INFINITE_RECURSION = YES;
				CLANG_WARN_INT_CONVERSION = YES;
				CLANG_WARN_NON_LITERAL_NULL_CONVERSION = YES;
				CLANG_WARN_OBJC_IMPLICIT_RETAIN_SELF = YES;
				CLANG_WARN_OBJC_LITERAL_CONVERSION = YES;
				CLANG_WARN_OBJC_ROOT_CLASS = YES_ERROR;
				CLANG_WARN_RANGE_LOOP_ANALYSIS = YES;
				CLANG_WARN_STRICT_PROTOTYPES = YES;
				CLANG_WARN_SUSPICIOUS_MOVE = YES;
				CLANG_WARN_UNGUARDED_AVAILABILITY = YES_AGGRESSIVE;
				CLANG_WARN_UNREACHABLE_CODE = YES;
				CLANG_WARN__DUPLICATE_METHOD_MATCH = YES;
				CODE_SIGN_IDENTITY = "iPhone Developer";
				COPY_PHASE_STRIP = NO;
				DEBUG_INFORMATION_FORMAT = dwarf;
				ENABLE_STRICT_OBJC_MSGSEND = YES;
				ENABLE_TESTABILITY = YES;
				GCC_C_LANGUAGE_STANDARD = gnu11;
				GCC_DYNAMIC_NO_PIC = NO;
				GCC_NO_COMMON_BLOCKS = YES;
				GCC_OPTIMIZATION_LEVEL = 0;
				GCC_PREPROCESSOR_DEFINITIONS = (
					"DEBUG=1",
					"$(inherited)",
				);
				GCC_WARN_64_TO_32_BIT_CONVERSION = YES;
				GCC_WARN_ABOUT_RETURN_TYPE = YES_ERROR;
				GCC_WARN_UNDECLARED_SELECTOR = YES;
				GCC_WARN_UNINITIALIZED_AUTOS = YES_AGGRESSIVE;
				GCC_WARN_UNUSED_FUNCTION = YES;
				GCC_WARN_UNUSED_VARIABLE = YES;
				IPHONEOS_DEPLOYMENT_TARGET = 12.1;
				MTL_ENABLE_DEBUG_INFO = INCLUDE_SOURCE;
				MTL_FAST_MATH = YES;
				ONLY_ACTIVE_ARCH = YES;
				SDKROOT = iphoneos;
				SWIFT_ACTIVE_COMPILATION_CONDITIONS = DEBUG;
				SWIFT_OPTIMIZATION_LEVEL = "-Onone";
			};
			name = Debug;
		};
		49A55C2F23169AC1005668F5 /* Release */ = {
			isa = XCBuildConfiguration;
			buildSettings = {
				ALWAYS_SEARCH_USER_PATHS = NO;
				CLANG_ANALYZER_NONNULL = YES;
				CLANG_ANALYZER_NUMBER_OBJECT_CONVERSION = YES_AGGRESSIVE;
				CLANG_CXX_LANGUAGE_STANDARD = "gnu++14";
				CLANG_CXX_LIBRARY = "libc++";
				CLANG_ENABLE_MODULES = YES;
				CLANG_ENABLE_OBJC_ARC = YES;
				CLANG_ENABLE_OBJC_WEAK = YES;
				CLANG_WARN_BLOCK_CAPTURE_AUTORELEASING = YES;
				CLANG_WARN_BOOL_CONVERSION = YES;
				CLANG_WARN_COMMA = YES;
				CLANG_WARN_CONSTANT_CONVERSION = YES;
				CLANG_WARN_DEPRECATED_OBJC_IMPLEMENTATIONS = YES;
				CLANG_WARN_DIRECT_OBJC_ISA_USAGE = YES_ERROR;
				CLANG_WARN_DOCUMENTATION_COMMENTS = YES;
				CLANG_WARN_EMPTY_BODY = YES;
				CLANG_WARN_ENUM_CONVERSION = YES;
				CLANG_WARN_INFINITE_RECURSION = YES;
				CLANG_WARN_INT_CONVERSION = YES;
				CLANG_WARN_NON_LITERAL_NULL_CONVERSION = YES;
				CLANG_WARN_OBJC_IMPLICIT_RETAIN_SELF = YES;
				CLANG_WARN_OBJC_LITERAL_CONVERSION = YES;
				CLANG_WARN_OBJC_ROOT_CLASS = YES_ERROR;
				CLANG_WARN_RANGE_LOOP_ANALYSIS = YES;
				CLANG_WARN_STRICT_PROTOTYPES = YES;
				CLANG_WARN_SUSPICIOUS_MOVE = YES;
				CLANG_WARN_UNGUARDED_AVAILABILITY = YES_AGGRESSIVE;
				CLANG_WARN_UNREACHABLE_CODE = YES;
				CLANG_WARN__DUPLICATE_METHOD_MATCH = YES;
				CODE_SIGN_IDENTITY = "iPhone Developer";
				COPY_PHASE_STRIP = NO;
				DEBUG_INFORMATION_FORMAT = "dwarf-with-dsym";
				ENABLE_NS_ASSERTIONS = NO;
				ENABLE_STRICT_OBJC_MSGSEND = YES;
				GCC_C_LANGUAGE_STANDARD = gnu11;
				GCC_NO_COMMON_BLOCKS = YES;
				GCC_WARN_64_TO_32_BIT_CONVERSION = YES;
				GCC_WARN_ABOUT_RETURN_TYPE = YES_ERROR;
				GCC_WARN_UNDECLARED_SELECTOR = YES;
				GCC_WARN_UNINITIALIZED_AUTOS = YES_AGGRESSIVE;
				GCC_WARN_UNUSED_FUNCTION = YES;
				GCC_WARN_UNUSED_VARIABLE = YES;
				IPHONEOS_DEPLOYMENT_TARGET = 12.1;
				MTL_ENABLE_DEBUG_INFO = NO;
				MTL_FAST_MATH = YES;
				SDKROOT = iphoneos;
				SWIFT_COMPILATION_MODE = wholemodule;
				SWIFT_OPTIMIZATION_LEVEL = "-O";
				VALIDATE_PRODUCT = YES;
			};
			name = Release;
		};
		49A55C3123169AC1005668F5 /* Debug */ = {
			isa = XCBuildConfiguration;
			buildSettings = {
				ASSETCATALOG_COMPILER_APPICON_NAME = AppIcon;
				CODE_SIGN_STYLE = Automatic;
				DEVELOPMENT_TEAM = AQ356K7ND4;
				INFOPLIST_FILE = IWantToJoinBarcelona/Info.plist;
				LD_RUNPATH_SEARCH_PATHS = (
					"$(inherited)",
					"@executable_path/Frameworks",
				);
				PRODUCT_BUNDLE_IDENTIFIER = swift.learning.IWantToJoinBarcelona;
				PRODUCT_NAME = "$(TARGET_NAME)";
				SWIFT_VERSION = 4.2;
				TARGETED_DEVICE_FAMILY = "1,2";
			};
			name = Debug;
		};
		49A55C3223169AC1005668F5 /* Release */ = {
			isa = XCBuildConfiguration;
			buildSettings = {
				ASSETCATALOG_COMPILER_APPICON_NAME = AppIcon;
				CODE_SIGN_STYLE = Automatic;
				DEVELOPMENT_TEAM = AQ356K7ND4;
				INFOPLIST_FILE = IWantToJoinBarcelona/Info.plist;
				LD_RUNPATH_SEARCH_PATHS = (
					"$(inherited)",
					"@executable_path/Frameworks",
				);
				PRODUCT_BUNDLE_IDENTIFIER = swift.learning.IWantToJoinBarcelona;
				PRODUCT_NAME = "$(TARGET_NAME)";
				SWIFT_VERSION = 4.2;
				TARGETED_DEVICE_FAMILY = "1,2";
			};
			name = Release;
		};
/* End XCBuildConfiguration section */

/* Begin XCConfigurationList section */
		49A55C0323169AC0005668F5 /* Build configuration list for PBXProject "IWantToJoinBarcelona" */ = {
			isa = XCConfigurationList;
			buildConfigurations = (
				49A55C2E23169AC1005668F5 /* Debug */,
				49A55C2F23169AC1005668F5 /* Release */,
			);
			defaultConfigurationIsVisible = 0;
			defaultConfigurationName = Release;
		};
		49A55C3023169AC1005668F5 /* Build configuration list for PBXNativeTarget "IWantToJoinBarcelona" */ = {
			isa = XCConfigurationList;
			buildConfigurations = (
				49A55C3123169AC1005668F5 /* Debug */,
				49A55C3223169AC1005668F5 /* Release */,
			);
			defaultConfigurationIsVisible = 0;
			defaultConfigurationName = Release;
		};
/* End XCConfigurationList section */
	};
	rootObject = 49A55C0023169AC0005668F5 /* Project object */;
}
